
Microsoft Visual Studio Solution File, Format Version 12.00
# Visual Studio 15
VisualStudioVersion = 15.0.27428.2037
MinimumVisualStudioVersion = 10.0.40219.1
Project("{FAE04EC0-301F-11D3-BF4B-00C04F79EFBC}") = "ReachUC", "ReachUC\ReachUC.csproj", "{9D222F0C-89EC-468D-9FF0-78499E1290EB}"
EndProject
Project("{E24C65DC-7377-472B-9ABA-BC803B73C61A}") = "ReachUCWebAddin(1)", "ReachUCWebAddin\", "{864F26A0-F3F2-434C-B39B-C520480042B7}"
	ProjectSection(WebsiteProperties) = preProject
		TargetFrameworkMoniker = ".NETFramework,Version%3Dv4.0"
		Debug.AspNetCompiler.VirtualPath = "/localhost_19508"
		Debug.AspNetCompiler.PhysicalPath = "ReachUCWebAddin\"
		Debug.AspNetCompiler.TargetPath = "PrecompiledWeb\localhost_19508\"
		Debug.AspNetCompiler.Updateable = "true"
		Debug.AspNetCompiler.ForceOverwrite = "true"
		Debug.AspNetCompiler.FixedNames = "false"
		Debug.AspNetCompiler.Debug = "True"
		Release.AspNetCompiler.VirtualPath = "/localhost_19508"
		Release.AspNetCompiler.PhysicalPath = "ReachUCWebAddin\"
		Release.AspNetCompiler.TargetPath = "PrecompiledWeb\localhost_19508\"
		Release.AspNetCompiler.Updateable = "true"
		Release.AspNetCompiler.ForceOverwrite = "true"
		Release.AspNetCompiler.FixedNames = "false"
		Release.AspNetCompiler.Debug = "False"
		VWDPort = "19508"
		SlnRelativePath = "ReachUCWebAddin\"
	EndProjectSection
EndProject
Global
	GlobalSection(SolutionConfigurationPlatforms) = preSolution
		Debug|Any CPU = Debug|Any CPU
		Release|Any CPU = Release|Any CPU
	EndGlobalSection
	GlobalSection(ProjectConfigurationPlatforms) = postSolution
		{9D222F0C-89EC-468D-9FF0-78499E1290EB}.Debug|Any CPU.ActiveCfg = Debug|Any CPU
		{9D222F0C-89EC-468D-9FF0-78499E1290EB}.Debug|Any CPU.Build.0 = Debug|Any CPU
		{9D222F0C-89EC-468D-9FF0-78499E1290EB}.Debug|Any CPU.Deploy.0 = Debug|Any CPU
		{9D222F0C-89EC-468D-9FF0-78499E1290EB}.Release|Any CPU.ActiveCfg = Release|Any CPU
		{9D222F0C-89EC-468D-9FF0-78499E1290EB}.Release|Any CPU.Build.0 = Release|Any CPU
		{9D222F0C-89EC-468D-9FF0-78499E1290EB}.Release|Any CPU.Deploy.0 = Release|Any CPU
		{864F26A0-F3F2-434C-B39B-C520480042B7}.Debug|Any CPU.ActiveCfg = Debug|Any CPU
		{864F26A0-F3F2-434C-B39B-C520480042B7}.Release|Any CPU.ActiveCfg = Debug|Any CPU
		{864F26A0-F3F2-434C-B39B-C520480042B7}.Release|Any CPU.Build.0 = Debug|Any CPU
	EndGlobalSection
	GlobalSection(SolutionProperties) = preSolution
		HideSolutionNode = FALSE
	EndGlobalSection
	GlobalSection(ExtensibilityGlobals) = postSolution
		SolutionGuid = {49F8C06A-68DC-4243-8175-D5141B716896}
	EndGlobalSection
EndGlobal
